
Microsoft Visual Studio Solution File, Format Version 12.00
# Visual Studio Version 16
VisualStudioVersion = 16.0.33529.622
MinimumVisualStudioVersion = 10.0.40219.1
Project("{FAE04EC0-301F-11D3-BF4B-00C04F79EFBC}") = "PROG8051-virtual-pet-simulator-project", "PROG8051-virtual-pet-simulator-project.csproj", "{5984AF40-097F-4265-B5F6-AAFB27F5703A}"
EndProject
Global
	GlobalSection(SolutionConfigurationPlatforms) = preSolution
		Debug|Any CPU = Debug|Any CPU
		Release|Any CPU = Release|Any CPU
	EndGlobalSection
	GlobalSection(ProjectConfigurationPlatforms) = postSolution
		{5984AF40-097F-4265-B5F6-AAFB27F5703A}.Debug|Any CPU.ActiveCfg = Debug|Any CPU
		{5984AF40-097F-4265-B5F6-AAFB27F5703A}.Debug|Any CPU.Build.0 = Debug|Any CPU
		{5984AF40-097F-4265-B5F6-AAFB27F5703A}.Release|Any CPU.ActiveCfg = Release|Any CPU
		{5984AF40-097F-4265-B5F6-AAFB27F5703A}.Release|Any CPU.Build.0 = Release|Any CPU
	EndGlobalSection
	GlobalSection(SolutionProperties) = preSolution
		HideSolutionNode = FALSE
	EndGlobalSection
	GlobalSection(ExtensibilityGlobals) = postSolution
		SolutionGuid = {2202B97D-2D0B-4C41-8AB4-914EE2A94911}
	EndGlobalSection
EndGlobal
